
Microsoft Visual Studio Solution File, Format Version 12.00
# Visual Studio 15
VisualStudioVersion = 15.0.27428.2027
MinimumVisualStudioVersion = 10.0.40219.1
Project("{8BC9CEB8-8B4A-11D0-8D11-00A0C91BC942}") = "smef_indigo", "INDIGO\INDIGO.vcxproj", "{45A301E6-73EC-4F60-88F4-D1D5154B58D7}"
EndProject
Global
	GlobalSection(SolutionConfigurationPlatforms) = preSolution
		Final|Win32 = Final|Win32
	EndGlobalSection
	GlobalSection(ProjectConfigurationPlatforms) = postSolution
		{45A301E6-73EC-4F60-88F4-D1D5154B58D7}.Final|Win32.ActiveCfg = Release|Win32
		{45A301E6-73EC-4F60-88F4-D1D5154B58D7}.Final|Win32.Build.0 = Release|Win32
	EndGlobalSection
	GlobalSection(SolutionProperties) = preSolution
		HideSolutionNode = FALSE
	EndGlobalSection
	GlobalSection(ExtensibilityGlobals) = postSolution
		SolutionGuid = {E7AAD4EC-2080-458E-87DE-F2F7F1C829EC}
	EndGlobalSection
EndGlobal
